
Microsoft Visual Studio Solution File, Format Version 12.00
# Visual Studio Version 17
VisualStudioVersion = 17.2.32505.173
MinimumVisualStudioVersion = 10.0.40219.1
Project("{FAE04EC0-301F-11D3-BF4B-00C04F79EFBC}") = "Pr11.Android", "Pr11\Pr11.Android\Pr11.Android.csproj", "{04348915-7E29-4787-A8F3-81DF3BEE849B}"
EndProject
Project("{FAE04EC0-301F-11D3-BF4B-00C04F79EFBC}") = "Pr11.iOS", "Pr11\Pr11.iOS\Pr11.iOS.csproj", "{4206C27C-78EF-4FB7-B458-DE0C1406B73B}"
EndProject
Project("{FAE04EC0-301F-11D3-BF4B-00C04F79EFBC}") = "Pr11", "Pr11\Pr11\Pr11.csproj", "{FC2ABF46-4F16-474C-B924-61E686EACB77}"
EndProject
Global
	GlobalSection(SolutionConfigurationPlatforms) = preSolution
		Debug|Any CPU = Debug|Any CPU
		Debug|iPhone = Debug|iPhone
		Debug|iPhoneSimulator = Debug|iPhoneSimulator
		Release|Any CPU = Release|Any CPU
		Release|iPhone = Release|iPhone
		Release|iPhoneSimulator = Release|iPhoneSimulator
	EndGlobalSection
	GlobalSection(ProjectConfigurationPlatforms) = postSolution
		{04348915-7E29-4787-A8F3-81DF3BEE849B}.Debug|Any CPU.ActiveCfg = Debug|Any CPU
		{04348915-7E29-4787-A8F3-81DF3BEE849B}.Debug|Any CPU.Build.0 = Debug|Any CPU
		{04348915-7E29-4787-A8F3-81DF3BEE849B}.Debug|Any CPU.Deploy.0 = Debug|Any CPU
		{04348915-7E29-4787-A8F3-81DF3BEE849B}.Debug|iPhone.ActiveCfg = Debug|Any CPU
		{04348915-7E29-4787-A8F3-81DF3BEE849B}.Debug|iPhone.Build.0 = Debug|Any CPU
		{04348915-7E29-4787-A8F3-81DF3BEE849B}.Debug|iPhone.Deploy.0 = Debug|Any CPU
		{04348915-7E29-4787-A8F3-81DF3BEE849B}.Debug|iPhoneSimulator.ActiveCfg = Debug|Any CPU
		{04348915-7E29-4787-A8F3-81DF3BEE849B}.Debug|iPhoneSimulator.Build.0 = Debug|Any CPU
		{04348915-7E29-4787-A8F3-81DF3BEE849B}.Debug|iPhoneSimulator.Deploy.0 = Debug|Any CPU
		{04348915-7E29-4787-A8F3-81DF3BEE849B}.Release|Any CPU.ActiveCfg = Release|Any CPU
		{04348915-7E29-4787-A8F3-81DF3BEE849B}.Release|Any CPU.Build.0 = Release|Any CPU
		{04348915-7E29-4787-A8F3-81DF3BEE849B}.Release|Any CPU.Deploy.0 = Release|Any CPU
		{04348915-7E29-4787-A8F3-81DF3BEE849B}.Release|iPhone.ActiveCfg = Release|Any CPU
		{04348915-7E29-4787-A8F3-81DF3BEE849B}.Release|iPhone.Build.0 = Release|Any CPU
		{04348915-7E29-4787-A8F3-81DF3BEE849B}.Release|iPhone.Deploy.0 = Release|Any CPU
		{04348915-7E29-4787-A8F3-81DF3BEE849B}.Release|iPhoneSimulator.ActiveCfg = Release|Any CPU
		{04348915-7E29-4787-A8F3-81DF3BEE849B}.Release|iPhoneSimulator.Build.0 = Release|Any CPU
		{04348915-7E29-4787-A8F3-81DF3BEE849B}.Release|iPhoneSimulator.Deploy.0 = Release|Any CPU
		{4206C27C-78EF-4FB7-B458-DE0C1406B73B}.Debug|Any CPU.ActiveCfg = Debug|iPhone
		{4206C27C-78EF-4FB7-B458-DE0C1406B73B}.Debug|Any CPU.Build.0 = Debug|iPhone
		{4206C27C-78EF-4FB7-B458-DE0C1406B73B}.Debug|Any CPU.Deploy.0 = Debug|iPhone
		{4206C27C-78EF-4FB7-B458-DE0C1406B73B}.Debug|iPhone.ActiveCfg = Debug|iPhone
		{4206C27C-78EF-4FB7-B458-DE0C1406B73B}.Debug|iPhone.Build.0 = Debug|iPhone
		{4206C27C-78EF-4FB7-B458-DE0C1406B73B}.Debug|iPhone.Deploy.0 = Debug|iPhone
		{4206C27C-78EF-4FB7-B458-DE0C1406B73B}.Debug|iPhoneSimulator.ActiveCfg = Debug|iPhoneSimulator
		{4206C27C-78EF-4FB7-B458-DE0C1406B73B}.Debug|iPhoneSimulator.Build.0 = Debug|iPhoneSimulator
		{4206C27C-78EF-4FB7-B458-DE0C1406B73B}.Debug|iPhoneSimulator.Deploy.0 = Debug|iPhoneSimulator
		{4206C27C-78EF-4FB7-B458-DE0C1406B73B}.Release|Any CPU.ActiveCfg = Release|iPhoneSimulator
		{4206C27C-78EF-4FB7-B458-DE0C1406B73B}.Release|Any CPU.Build.0 = Release|iPhoneSimulator
		{4206C27C-78EF-4FB7-B458-DE0C1406B73B}.Release|Any CPU.Deploy.0 = Release|iPhoneSimulator
		{4206C27C-78EF-4FB7-B458-DE0C1406B73B}.Release|iPhone.ActiveCfg = Release|iPhone
		{4206C27C-78EF-4FB7-B458-DE0C1406B73B}.Release|iPhone.Build.0 = Release|iPhone
		{4206C27C-78EF-4FB7-B458-DE0C1406B73B}.Release|iPhone.Deploy.0 = Release|iPhone
		{4206C27C-78EF-4FB7-B458-DE0C1406B73B}.Release|iPhoneSimulator.ActiveCfg = Release|iPhoneSimulator
		{4206C27C-78EF-4FB7-B458-DE0C1406B73B}.Release|iPhoneSimulator.Build.0 = Release|iPhoneSimulator
		{4206C27C-78EF-4FB7-B458-DE0C1406B73B}.Release|iPhoneSimulator.Deploy.0 = Release|iPhoneSimulator
		{FC2ABF46-4F16-474C-B924-61E686EACB77}.Debug|Any CPU.ActiveCfg = Debug|Any CPU
		{FC2ABF46-4F16-474C-B924-61E686EACB77}.Debug|Any CPU.Build.0 = Debug|Any CPU
		{FC2ABF46-4F16-474C-B924-61E686EACB77}.Debug|Any CPU.Deploy.0 = Debug|Any CPU
		{FC2ABF46-4F16-474C-B924-61E686EACB77}.Debug|iPhone.ActiveCfg = Debug|Any CPU
		{FC2ABF46-4F16-474C-B924-61E686EACB77}.Debug|iPhone.Build.0 = Debug|Any CPU
		{FC2ABF46-4F16-474C-B924-61E686EACB77}.Debug|iPhone.Deploy.0 = Debug|Any CPU
		{FC2ABF46-4F16-474C-B924-61E686EACB77}.Debug|iPhoneSimulator.ActiveCfg = Debug|Any CPU
		{FC2ABF46-4F16-474C-B924-61E686EACB77}.Debug|iPhoneSimulator.Build.0 = Debug|Any CPU
		{FC2ABF46-4F16-474C-B924-61E686EACB77}.Debug|iPhoneSimulator.Deploy.0 = Debug|Any CPU
		{FC2ABF46-4F16-474C-B924-61E686EACB77}.Release|Any CPU.ActiveCfg = Release|Any CPU
		{FC2ABF46-4F16-474C-B924-61E686EACB77}.Release|Any CPU.Build.0 = Release|Any CPU
		{FC2ABF46-4F16-474C-B924-61E686EACB77}.Release|Any CPU.Deploy.0 = Release|Any CPU
		{FC2ABF46-4F16-474C-B924-61E686EACB77}.Release|iPhone.ActiveCfg = Release|Any CPU
		{FC2ABF46-4F16-474C-B924-61E686EACB77}.Release|iPhone.Build.0 = Release|Any CPU
		{FC2ABF46-4F16-474C-B924-61E686EACB77}.Release|iPhone.Deploy.0 = Release|Any CPU
		{FC2ABF46-4F16-474C-B924-61E686EACB77}.Release|iPhoneSimulator.ActiveCfg = Release|Any CPU
		{FC2ABF46-4F16-474C-B924-61E686EACB77}.Release|iPhoneSimulator.Build.0 = Release|Any CPU
		{FC2ABF46-4F16-474C-B924-61E686EACB77}.Release|iPhoneSimulator.Deploy.0 = Release|Any CPU
	EndGlobalSection
	GlobalSection(SolutionProperties) = preSolution
		HideSolutionNode = FALSE
	EndGlobalSection
	GlobalSection(ExtensibilityGlobals) = postSolution
		SolutionGuid = {C4C7A6A5-CB72-49D0-8853-9BC6EFAAFAD3}
	EndGlobalSection
EndGlobal
